dependencies: []
hdl-src:
  directories:
  - .
  top-files:
  - fadder_top.sv
ip:
  aliases: []
  block-diagram: ''
  bugs: ''
  copyright-holders: []
  description: ''
  full-name: ''
  home-page: ''
  languages:
  - sv
  licenses: []
  logo: ''
  name: fadder
  repo-uri: ''
  simulators-supported:
    vivado: '2022.1'
  sub-sub-type: ''
  sub-type: ''
  tags: []
  type: RTL
  version: 1.0.0
structure:
  docs-path: docs
  examples-path: examples
  scripts-path: bin
  src-path: src
