dependencies:
  acme/uvma_mapu: '@local'
  acme/uvme_mapu: '@local'
  datum/uvma_clk: 1.0.0
  datum/uvma_reset: 1.0.0
  datum/uvml_sb: 1.0.0
  datum/uvmx: 1.0.0
dut: acme/mapu
hdl-src:
  directories:
  - .
  - tb
  - tests
  so-libs: []
  test-name-template: uvmt_mapu_{{ name }}_test_c
  tests-path: tests
  top-constructs:
  - uvmt_mapu_tb
  - uvmx_sim_summary
  top-files:
  - uvmt_mapu_pkg.sv
ip:
  aliases: []
  block-diagram: docs/tb_block_diagram.svg
  bugs: ''
  copyright-holders:
  - Acme Enterprises Inc.
  description: TODO Describe Matrix APU Block UVM Test Bench
  full-name: Matrix APU Block UVM Test Bench
  home-page: ''
  languages:
  - sv
  licenses:
  - All rights reserved.
  logo: ''
  name: uvmt_mapu
  repo-uri: ''
  simulators-supported:
    mdc: 20230116.4.0
    viv: '2022.2'
  sub-sub-type: Block
  sub-type: UVM Test Bench
  tags: []
  type: DV
  vendor: acme
  version: 1.0.0
structure:
  docs-path: docs
  examples-path: examples
  scripts-path: bin
  src-path: src
targets:
  default:
    cmp:
      UVMT_MAPU_DATA_WIDTH: 32
  dw64:
    cmp:
      UVMT_MAPU_DATA_WIDTH: 64
